
Microsoft Visual Studio Solution File, Format Version 12.00
# Visual Studio Version 17
VisualStudioVersion = 17.9.34714.143
MinimumVisualStudioVersion = 10.0.40219.1
Project("{FAE04EC0-301F-11D3-BF4B-00C04F79EFBC}") = "AlgorithmProjectLena", "AlgorithmProjectLena\AlgorithmProjectLena.csproj", "{39F7C906-3D8A-45CA-BB89-FE971C7E1376}"
EndProject
Global
	GlobalSection(SolutionConfigurationPlatforms) = preSolution
		Debug|Any CPU = Debug|Any CPU
		Release|Any CPU = Release|Any CPU
	EndGlobalSection
	GlobalSection(ProjectConfigurationPlatforms) = postSolution
		{39F7C906-3D8A-45CA-BB89-FE971C7E1376}.Debug|Any CPU.ActiveCfg = Debug|Any CPU
		{39F7C906-3D8A-45CA-BB89-FE971C7E1376}.Debug|Any CPU.Build.0 = Debug|Any CPU
		{39F7C906-3D8A-45CA-BB89-FE971C7E1376}.Release|Any CPU.ActiveCfg = Release|Any CPU
		{39F7C906-3D8A-45CA-BB89-FE971C7E1376}.Release|Any CPU.Build.0 = Release|Any CPU
	EndGlobalSection
	GlobalSection(SolutionProperties) = preSolution
		HideSolutionNode = FALSE
	EndGlobalSection
	GlobalSection(ExtensibilityGlobals) = postSolution
		SolutionGuid = {C7D23963-8A86-40C0-B749-8B801738CC48}
	EndGlobalSection
EndGlobal
